{
  "name": "object-id",
  "version": "1.0.3",
  "lockfileVersion": 1,
  "requires": true,
  "dependencies": {
    "node-clip": {
      "version": "0.1.1",
      "resolved": "https://registry.npmjs.org/node-clip/-/node-clip-0.1.1.tgz",
      "integrity": "sha1-KcWgusp+ZWSykaOBXFt2NCSodeQ="
    }
  }
}
